
Microsoft Visual Studio Solution File, Format Version 12.00
# Visual Studio Version 17
VisualStudioVersion = 17.9.34728.123
MinimumVisualStudioVersion = 10.0.40219.1
Project("{FAE04EC0-301F-11D3-BF4B-00C04F79EFBC}") = "csharp-gestore-eventi", "csharp-gestore-eventi\csharp-gestore-eventi.csproj", "{DD36E867-AD92-405D-AAE1-E5AAC7F5FC99}"
EndProject
Global
	GlobalSection(SolutionConfigurationPlatforms) = preSolution
		Debug|Any CPU = Debug|Any CPU
		Release|Any CPU = Release|Any CPU
	EndGlobalSection
	GlobalSection(ProjectConfigurationPlatforms) = postSolution
		{DD36E867-AD92-405D-AAE1-E5AAC7F5FC99}.Debug|Any CPU.ActiveCfg = Debug|Any CPU
		{DD36E867-AD92-405D-AAE1-E5AAC7F5FC99}.Debug|Any CPU.Build.0 = Debug|Any CPU
		{DD36E867-AD92-405D-AAE1-E5AAC7F5FC99}.Release|Any CPU.ActiveCfg = Release|Any CPU
		{DD36E867-AD92-405D-AAE1-E5AAC7F5FC99}.Release|Any CPU.Build.0 = Release|Any CPU
	EndGlobalSection
	GlobalSection(SolutionProperties) = preSolution
		HideSolutionNode = FALSE
	EndGlobalSection
	GlobalSection(ExtensibilityGlobals) = postSolution
		SolutionGuid = {92C7908F-4EC7-4AFD-AE52-23F17CF6AA7C}
	EndGlobalSection
EndGlobal
